
Microsoft Visual Studio Solution File, Format Version 12.00
# Visual Studio Version 17
VisualStudioVersion = 17.9.34607.119
MinimumVisualStudioVersion = 10.0.40219.1
Project("{FAE04EC0-301F-11D3-BF4B-00C04F79EFBC}") = "winform-app", "winform-app\winform-app.csproj", "{4F767189-903A-4FE7-A72C-CD9C0D6A796F}"
EndProject
Project("{FAE04EC0-301F-11D3-BF4B-00C04F79EFBC}") = "DiscosDB", "DiscosDB\DiscosDB.csproj", "{B7002CED-5ECC-4337-8784-C66A4EDFBD9C}"
EndProject
Project("{FAE04EC0-301F-11D3-BF4B-00C04F79EFBC}") = "dominio", "dominio\dominio.csproj", "{1F387439-F612-49D3-832A-7CAD8A275E59}"
EndProject
Project("{FAE04EC0-301F-11D3-BF4B-00C04F79EFBC}") = "negocio", "negocio\negocio.csproj", "{74152C99-9B9E-4304-A7A9-10309AE8E879}"
EndProject
Global
	GlobalSection(SolutionConfigurationPlatforms) = preSolution
		Debug|Any CPU = Debug|Any CPU
		Release|Any CPU = Release|Any CPU
	EndGlobalSection
	GlobalSection(ProjectConfigurationPlatforms) = postSolution
		{4F767189-903A-4FE7-A72C-CD9C0D6A796F}.Debug|Any CPU.ActiveCfg = Debug|Any CPU
		{4F767189-903A-4FE7-A72C-CD9C0D6A796F}.Debug|Any CPU.Build.0 = Debug|Any CPU
		{4F767189-903A-4FE7-A72C-CD9C0D6A796F}.Release|Any CPU.ActiveCfg = Release|Any CPU
		{4F767189-903A-4FE7-A72C-CD9C0D6A796F}.Release|Any CPU.Build.0 = Release|Any CPU
		{B7002CED-5ECC-4337-8784-C66A4EDFBD9C}.Debug|Any CPU.ActiveCfg = Debug|Any CPU
		{B7002CED-5ECC-4337-8784-C66A4EDFBD9C}.Debug|Any CPU.Build.0 = Debug|Any CPU
		{B7002CED-5ECC-4337-8784-C66A4EDFBD9C}.Release|Any CPU.ActiveCfg = Release|Any CPU
		{B7002CED-5ECC-4337-8784-C66A4EDFBD9C}.Release|Any CPU.Build.0 = Release|Any CPU
		{1F387439-F612-49D3-832A-7CAD8A275E59}.Debug|Any CPU.ActiveCfg = Debug|Any CPU
		{1F387439-F612-49D3-832A-7CAD8A275E59}.Debug|Any CPU.Build.0 = Debug|Any CPU
		{1F387439-F612-49D3-832A-7CAD8A275E59}.Release|Any CPU.ActiveCfg = Release|Any CPU
		{1F387439-F612-49D3-832A-7CAD8A275E59}.Release|Any CPU.Build.0 = Release|Any CPU
		{74152C99-9B9E-4304-A7A9-10309AE8E879}.Debug|Any CPU.ActiveCfg = Debug|Any CPU
		{74152C99-9B9E-4304-A7A9-10309AE8E879}.Debug|Any CPU.Build.0 = Debug|Any CPU
		{74152C99-9B9E-4304-A7A9-10309AE8E879}.Release|Any CPU.ActiveCfg = Release|Any CPU
		{74152C99-9B9E-4304-A7A9-10309AE8E879}.Release|Any CPU.Build.0 = Release|Any CPU
	EndGlobalSection
	GlobalSection(SolutionProperties) = preSolution
		HideSolutionNode = FALSE
	EndGlobalSection
	GlobalSection(ExtensibilityGlobals) = postSolution
		SolutionGuid = {B5941408-F2C9-4441-BDA5-56A1A6D51E47}
	EndGlobalSection
EndGlobal
